
Microsoft Visual Studio Solution File, Format Version 12.00
# Visual Studio 2012
Project("{FAE04EC0-301F-11D3-BF4B-00C04F79EFBC}") = "CabMeter", "CabMeter\CabMeter.csproj", "{6CCDD9E4-A39F-449D-930A-8DFA27A3F089}"
EndProject
Project("{FAE04EC0-301F-11D3-BF4B-00C04F79EFBC}") = "CabMeter.Specs", "CabMeter.Specs\CabMeter.Specs.csproj", "{8C03D3EC-C223-4CE4-8ACE-2D2859B1975A}"
EndProject
Project("{2150E333-8FDC-42A3-9474-1A3956D46DE8}") = ".nuget", ".nuget", "{A29F1079-D6D4-499A-85C1-ACB91C95F240}"
	ProjectSection(SolutionItems) = preProject
		.nuget\NuGet.Config = .nuget\NuGet.Config
		.nuget\NuGet.exe = .nuget\NuGet.exe
		.nuget\NuGet.targets = .nuget\NuGet.targets
	EndProjectSection
EndProject
Global
	GlobalSection(SolutionConfigurationPlatforms) = preSolution
		Debug|Any CPU = Debug|Any CPU
		Release|Any CPU = Release|Any CPU
	EndGlobalSection
	GlobalSection(ProjectConfigurationPlatforms) = postSolution
		{6CCDD9E4-A39F-449D-930A-8DFA27A3F089}.Debug|Any CPU.ActiveCfg = Debug|Any CPU
		{6CCDD9E4-A39F-449D-930A-8DFA27A3F089}.Debug|Any CPU.Build.0 = Debug|Any CPU
		{6CCDD9E4-A39F-449D-930A-8DFA27A3F089}.Release|Any CPU.ActiveCfg = Release|Any CPU
		{6CCDD9E4-A39F-449D-930A-8DFA27A3F089}.Release|Any CPU.Build.0 = Release|Any CPU
		{8C03D3EC-C223-4CE4-8ACE-2D2859B1975A}.Debug|Any CPU.ActiveCfg = Debug|Any CPU
		{8C03D3EC-C223-4CE4-8ACE-2D2859B1975A}.Debug|Any CPU.Build.0 = Debug|Any CPU
		{8C03D3EC-C223-4CE4-8ACE-2D2859B1975A}.Release|Any CPU.ActiveCfg = Release|Any CPU
		{8C03D3EC-C223-4CE4-8ACE-2D2859B1975A}.Release|Any CPU.Build.0 = Release|Any CPU
	EndGlobalSection
	GlobalSection(SolutionProperties) = preSolution
		HideSolutionNode = FALSE
	EndGlobalSection
EndGlobal
